
Microsoft Visual Studio Solution File, Format Version 12.00
# Visual Studio Version 17
VisualStudioVersion = 17.0.32126.317
MinimumVisualStudioVersion = 10.0.40219.1
Project("{FAE04EC0-301F-11D3-BF4B-00C04F79EFBC}") = "PruebaTecnicaCDGA", "PruebaTecnicaCDGA\PruebaTecnicaCDGA.csproj", "{FECC09E7-0FDB-4A84-A653-BFB5AFED94A0}"
EndProject
Global
	GlobalSection(SolutionConfigurationPlatforms) = preSolution
		Debug|Any CPU = Debug|Any CPU
		Release|Any CPU = Release|Any CPU
	EndGlobalSection
	GlobalSection(ProjectConfigurationPlatforms) = postSolution
		{FECC09E7-0FDB-4A84-A653-BFB5AFED94A0}.Debug|Any CPU.ActiveCfg = Debug|Any CPU
		{FECC09E7-0FDB-4A84-A653-BFB5AFED94A0}.Debug|Any CPU.Build.0 = Debug|Any CPU
		{FECC09E7-0FDB-4A84-A653-BFB5AFED94A0}.Release|Any CPU.ActiveCfg = Release|Any CPU
		{FECC09E7-0FDB-4A84-A653-BFB5AFED94A0}.Release|Any CPU.Build.0 = Release|Any CPU
	EndGlobalSection
	GlobalSection(SolutionProperties) = preSolution
		HideSolutionNode = FALSE
	EndGlobalSection
	GlobalSection(ExtensibilityGlobals) = postSolution
		SolutionGuid = {24FA6DDF-D994-44A2-9AFE-8EE95821551A}
	EndGlobalSection
EndGlobal
